{
  "nodes": {
    "blockinfile": {
      "flake": false,
      "locked": {
        "lastModified": 1761260260,
        "narHash": "sha256-pa5FBcIJzIFVZcR4m/v9PZZ+xyQBhHOUVe8A3lmBA8w=",
        "owner": "dustinsand",
        "repo": "blockinfile",
        "rev": "5c3e2e7ee2c6d86ddafc8b004efad9c9915a3574",
        "type": "github"
      },
      "original": {
        "owner": "dustinsand",
        "ref": "v0.1.11",
        "repo": "blockinfile",
        "type": "github"
      }
    },
    "flake-parts": {
      "inputs": {
        "nixpkgs-lib": "nixpkgs-lib"
      },
      "locked": {
        "lastModified": 1787559586,
        "narHash": "sha256-onL0VLf9vPllmT0H/OlURIU5r5t5WIEl7t4tVNKT0Nw=",
        "owner": "hercules-ci",
        "repo": "flake-parts",
        "rev": "9d0d87172c374f89da73c1cfe6d81ae62feac1f1",
        "type": "github"
      },
      "original": {
        "id": "flake-parts",
        "type": "indirect"
      }
    },
    "globset": {
      "inputs": {
        "nixpkgs-lib": "nixpkgs-lib_2"
      },
      "locked": {
        "lastModified": 1756146523,
        "narHash": "sha256-dn8WNgwVQe0xBJ/d4CiRRcEVSgNclG6WSbqFEf6V024=",
        "owner": "pdtpartners",
        "repo": "globset",
        "rev": "62da8904981f01dc7c97f56c3ea4f131a8393411",
        "type": "github"
      },
      "original": {
        "owner": "pdtpartners",
        "repo": "globset",
        "type": "github"
      }
    },
    "globset_2": {
      "inputs": {
        "nixpkgs-lib": "nixpkgs-lib_3"
      },
      "locked": {
        "lastModified": 1756146523,
        "narHash": "sha256-dn8WNgwVQe0xBJ/d4CiRRcEVSgNclG6WSbqFEf6V024=",
        "owner": "pdtpartners",
        "repo": "globset",
        "rev": "62da8904981f01dc7c97f56c3ea4f131a8393411",
        "type": "github"
      },
      "original": {
        "owner": "pdtpartners",
        "repo": "globset",
        "type": "github"
      }
    },
    "nixpkgs": {
      "locked": {
        "lastModified": 1787753485,
        "narHash": "sha256-BZWCi9ZRJiARTuKTbbtvFTj7t1TK4G3UEckT3HyNfRg=",
        "owner": "nixos",
        "repo": "nixpkgs",
        "rev": "062346a6d85bc4b49dfaa61c986e9c5be21217d1",
        "type": "github"
      },
      "original": {
        "owner": "nixos",
        "ref": "nixos-26.05",
        "repo": "nixpkgs",
        "type": "github"
      }
    },
    "nixpkgs-lib": {
      "locked": {
        "lastModified": 1785031560,
        "narHash": "sha256-OmshNvn2vupOFpYinLUu+1Dnpu4n7Q5N3ggGVNHpkUI=",
        "owner": "nix-community",
        "repo": "nixpkgs.lib",
        "rev": "0e79af5e3d4dcfcd676ab5ba3f95d2e3352e078c",
        "type": "github"
      },
      "original": {
        "owner": "nix-community",
        "repo": "nixpkgs.lib",
        "type": "github"
      }
    },
    "nixpkgs-lib_2": {
      "locked": {
        "lastModified": 1754788789,
        "narHash": "sha256-x2rJ+Ovzq0sCMpgfgGaaqgBSwY+LST+WbZ6TytnT9Rk=",
        "owner": "nix-community",
        "repo": "nixpkgs.lib",
        "rev": "a73b9c743612e4244d865a2fdee11865283c04e6",
        "type": "github"
      },
      "original": {
        "owner": "nix-community",
        "repo": "nixpkgs.lib",
        "type": "github"
      }
    },
    "nixpkgs-lib_3": {
      "locked": {
        "lastModified": 1754788789,
        "narHash": "sha256-x2rJ+Ovzq0sCMpgfgGaaqgBSwY+LST+WbZ6TytnT9Rk=",
        "owner": "nix-community",
        "repo": "nixpkgs.lib",
        "rev": "a73b9c743612e4244d865a2fdee11865283c04e6",
        "type": "github"
      },
      "original": {
        "owner": "nix-community",
        "repo": "nixpkgs.lib",
        "type": "github"
      }
    },
    "package-lock2nix": {
      "inputs": {
        "flake-parts": [
          "flake-parts"
        ],
        "globset": "globset",
        "nixpkgs": [
          "nixpkgs"
        ],
        "systems": "systems",
        "treefmt-nix": [
          "treefmt-nix"
        ]
      },
      "locked": {
        "lastModified": 1787695266,
        "narHash": "sha256-U1LGLHcHRjyIwaKWAI6W3JNOQp+wdv58m/oVruAUTYw=",
        "owner": "anteriorai",
        "repo": "package-lock2nix",
        "rev": "bd1771a8bdaf792fbc97a619fe6cf2d24e36fad9",
        "type": "github"
      },
      "original": {
        "owner": "anteriorai",
        "repo": "package-lock2nix",
        "type": "github"
      }
    },
    "package-lock2nix_2": {
      "inputs": {
        "flake-parts": [
          "tools",
          "flake-parts"
        ],
        "globset": "globset_2",
        "nixpkgs": [
          "tools",
          "nixpkgs"
        ],
        "systems": "systems_2",
        "treefmt-nix": [
          "tools",
          "treefmt-nix"
        ]
      },
      "locked": {
        "lastModified": 1781065150,
        "narHash": "sha256-HrqxSjZ1/66T9U/Kwh3Ooq89EK0rH/jn6lnEa0yib0s=",
        "owner": "anteriorcore",
        "repo": "package-lock2nix",
        "rev": "5a5b27fa19ecbca004fb0dc429dd853b37e2e318",
        "type": "github"
      },
      "original": {
        "owner": "anteriorcore",
        "repo": "package-lock2nix",
        "type": "github"
      }
    },
    "root": {
      "inputs": {
        "flake-parts": "flake-parts",
        "nixpkgs": "nixpkgs",
        "package-lock2nix": "package-lock2nix",
        "tools": "tools",
        "treefmt-nix": "treefmt-nix"
      }
    },
    "systems": {
      "locked": {
        "lastModified": 1681028828,
        "narHash": "sha256-Vy1rq5AaRuLzOxct8nz4T6wlgyUR7zLU309k9mBC768=",
        "owner": "nix-systems",
        "repo": "default",
        "rev": "da67096a3b9bf56a91d16901293e51ba5b49a27e",
        "type": "github"
      },
      "original": {
        "id": "systems",
        "type": "indirect"
      }
    },
    "systems_2": {
      "locked": {
        "lastModified": 1681028828,
        "narHash": "sha256-Vy1rq5AaRuLzOxct8nz4T6wlgyUR7zLU309k9mBC768=",
        "owner": "nix-systems",
        "repo": "default",
        "rev": "da67096a3b9bf56a91d16901293e51ba5b49a27e",
        "type": "github"
      },
      "original": {
        "id": "systems",
        "type": "indirect"
      }
    },
    "systems_3": {
      "locked": {
        "lastModified": 1681028828,
        "narHash": "sha256-Vy1rq5AaRuLzOxct8nz4T6wlgyUR7zLU309k9mBC768=",
        "owner": "nix-systems",
        "repo": "default",
        "rev": "da67096a3b9bf56a91d16901293e51ba5b49a27e",
        "type": "github"
      },
      "original": {
        "id": "systems",
        "type": "indirect"
      }
    },
    "tools": {
      "inputs": {
        "blockinfile": "blockinfile",
        "flake-parts": [
          "flake-parts"
        ],
        "nixpkgs": [
          "nixpkgs"
        ],
        "package-lock2nix": "package-lock2nix_2",
        "systems": "systems_3",
        "treefmt-nix": [
          "treefmt-nix"
        ]
      },
      "locked": {
        "lastModified": 1787617978,
        "narHash": "sha256-1dhIPlAvIpCI5zxl4FJeYCs91tBq4p12pnFCDt4LmJE=",
        "owner": "anteriorcore",
        "repo": "tools",
        "rev": "65c796e05a188f8b0861c376149d352a2769a626",
        "type": "github"
      },
      "original": {
        "owner": "anteriorcore",
        "repo": "tools",
        "type": "github"
      }
    },
    "treefmt-nix": {
      "inputs": {
        "nixpkgs": [
          "nixpkgs"
        ]
      },
      "locked": {
        "lastModified": 1786901030,
        "narHash": "sha256-WSFCsDSE5ffgD2MqzkM2CYjeFiKhRF/dJUN8uedb6YE=",
        "owner": "numtide",
        "repo": "treefmt-nix",
        "rev": "27b3b12a8e6375f28ebe122f07d230ca5459bbfa",
        "type": "github"
      },
      "original": {
        "owner": "numtide",
        "repo": "treefmt-nix",
        "type": "github"
      }
    }
  },
  "root": "root",
  "version": 7
}
